
Microsoft Visual Studio Solution File, Format Version 12.00
# Visual Studio Version 16
VisualStudioVersion = 16.0.31424.327
MinimumVisualStudioVersion = 10.0.40219.1
Project("{9A19103F-16F7-4668-BE54-9A1E7A4F7556}") = "Calculator.Presentation", "Calculator.Presentation\Calculator.Presentation.csproj", "{69ECBD17-249C-4997-A030-830481583109}"
EndProject
Project("{FAE04EC0-301F-11D3-BF4B-00C04F79EFBC}") = "Calculator.BusinessLogic", "Calculator.BusinessLogic\Calculator.BusinessLogic.csproj", "{ADDB4CB2-F39B-4CDF-B88B-CCB30F25D29D}"
EndProject
Project("{FAE04EC0-301F-11D3-BF4B-00C04F79EFBC}") = "Calculator.DataAccess", "Calculator.DataAccess\Calculator.DataAccess.csproj", "{FFF96FC0-65AE-4276-8ECC-E7490B0F48D8}"
EndProject
Global
	GlobalSection(SolutionConfigurationPlatforms) = preSolution
		Debug|Any CPU = Debug|Any CPU
		Release|Any CPU = Release|Any CPU
	EndGlobalSection
	GlobalSection(ProjectConfigurationPlatforms) = postSolution
		{69ECBD17-249C-4997-A030-830481583109}.Debug|Any CPU.ActiveCfg = Debug|Any CPU
		{69ECBD17-249C-4997-A030-830481583109}.Debug|Any CPU.Build.0 = Debug|Any CPU
		{69ECBD17-249C-4997-A030-830481583109}.Release|Any CPU.ActiveCfg = Release|Any CPU
		{69ECBD17-249C-4997-A030-830481583109}.Release|Any CPU.Build.0 = Release|Any CPU
		{ADDB4CB2-F39B-4CDF-B88B-CCB30F25D29D}.Debug|Any CPU.ActiveCfg = Debug|Any CPU
		{ADDB4CB2-F39B-4CDF-B88B-CCB30F25D29D}.Debug|Any CPU.Build.0 = Debug|Any CPU
		{ADDB4CB2-F39B-4CDF-B88B-CCB30F25D29D}.Release|Any CPU.ActiveCfg = Release|Any CPU
		{ADDB4CB2-F39B-4CDF-B88B-CCB30F25D29D}.Release|Any CPU.Build.0 = Release|Any CPU
		{FFF96FC0-65AE-4276-8ECC-E7490B0F48D8}.Debug|Any CPU.ActiveCfg = Debug|Any CPU
		{FFF96FC0-65AE-4276-8ECC-E7490B0F48D8}.Debug|Any CPU.Build.0 = Debug|Any CPU
		{FFF96FC0-65AE-4276-8ECC-E7490B0F48D8}.Release|Any CPU.ActiveCfg = Release|Any CPU
		{FFF96FC0-65AE-4276-8ECC-E7490B0F48D8}.Release|Any CPU.Build.0 = Release|Any CPU
	EndGlobalSection
	GlobalSection(SolutionProperties) = preSolution
		HideSolutionNode = FALSE
	EndGlobalSection
	GlobalSection(ExtensibilityGlobals) = postSolution
		SolutionGuid = {D112E3F5-5D03-435C-87E6-843D8B13DCDD}
	EndGlobalSection
EndGlobal
