
Microsoft Visual Studio Solution File, Format Version 12.00
# Visual Studio Version 16
VisualStudioVersion = 16.0.31321.278
MinimumVisualStudioVersion = 10.0.40219.1
Project("{FAE04EC0-301F-11D3-BF4B-00C04F79EFBC}") = "Calculator", "Calculator\Calculator.csproj", "{BE780332-E67A-4140-ADE1-07CC9FAFE83B}"
EndProject
Global
	GlobalSection(SolutionConfigurationPlatforms) = preSolution
		Debug|Any CPU = Debug|Any CPU
		Release|Any CPU = Release|Any CPU
	EndGlobalSection
	GlobalSection(ProjectConfigurationPlatforms) = postSolution
		{BE780332-E67A-4140-ADE1-07CC9FAFE83B}.Debug|Any CPU.ActiveCfg = Debug|Any CPU
		{BE780332-E67A-4140-ADE1-07CC9FAFE83B}.Debug|Any CPU.Build.0 = Debug|Any CPU
		{BE780332-E67A-4140-ADE1-07CC9FAFE83B}.Release|Any CPU.ActiveCfg = Release|Any CPU
		{BE780332-E67A-4140-ADE1-07CC9FAFE83B}.Release|Any CPU.Build.0 = Release|Any CPU
	EndGlobalSection
	GlobalSection(SolutionProperties) = preSolution
		HideSolutionNode = FALSE
	EndGlobalSection
	GlobalSection(ExtensibilityGlobals) = postSolution
		SolutionGuid = {381EEDD7-C681-4976-AC54-A4B05125AABA}
	EndGlobalSection
EndGlobal
